
Microsoft Visual Studio Solution File, Format Version 12.00
# Visual Studio Version 17
VisualStudioVersion = 17.7.34031.279
MinimumVisualStudioVersion = 10.0.40219.1
Project("{888888A0-9F3D-457C-B088-3A5042F75D52}") = "info system", "info system\info system.pyproj", "{A31D3C99-E961-4017-912F-F7BC56CB6F8E}"
EndProject
Global
	GlobalSection(SolutionConfigurationPlatforms) = preSolution
		Debug|Any CPU = Debug|Any CPU
		Release|Any CPU = Release|Any CPU
	EndGlobalSection
	GlobalSection(ProjectConfigurationPlatforms) = postSolution
		{A31D3C99-E961-4017-912F-F7BC56CB6F8E}.Debug|Any CPU.ActiveCfg = Debug|Any CPU
		{A31D3C99-E961-4017-912F-F7BC56CB6F8E}.Release|Any CPU.ActiveCfg = Release|Any CPU
	EndGlobalSection
	GlobalSection(SolutionProperties) = preSolution
		HideSolutionNode = FALSE
	EndGlobalSection
	GlobalSection(ExtensibilityGlobals) = postSolution
		SolutionGuid = {D2D2A9A6-9FA2-4A98-92D0-BECE71DCA69F}
	EndGlobalSection
EndGlobal
